
Microsoft Visual Studio Solution File, Format Version 12.00
Project("{FAE04EC0-301F-11D3-BF4B-00C04F79EFBC}") = "BS Calculator", "BS Calculator\BS Calculator.csproj", "{9F894744-FE20-439F-9878-8A2210616CC4}"
EndProject
Project("{FAE04EC0-301F-11D3-BF4B-00C04F79EFBC}") = "BS Pricer Web-App", "BS Pricer Web-App\BS Pricer Web-App.csproj", "{B812FE72-F27A-41A8-818D-2B52AE00F328}"
EndProject
Global
	GlobalSection(SolutionConfigurationPlatforms) = preSolution
		Debug|Any CPU = Debug|Any CPU
		Release|Any CPU = Release|Any CPU
	EndGlobalSection
	GlobalSection(ProjectConfigurationPlatforms) = postSolution
		{9F894744-FE20-439F-9878-8A2210616CC4}.Debug|Any CPU.ActiveCfg = Debug|Any CPU
		{9F894744-FE20-439F-9878-8A2210616CC4}.Debug|Any CPU.Build.0 = Debug|Any CPU
		{9F894744-FE20-439F-9878-8A2210616CC4}.Release|Any CPU.ActiveCfg = Release|Any CPU
		{9F894744-FE20-439F-9878-8A2210616CC4}.Release|Any CPU.Build.0 = Release|Any CPU
		{B812FE72-F27A-41A8-818D-2B52AE00F328}.Debug|Any CPU.ActiveCfg = Debug|Any CPU
		{B812FE72-F27A-41A8-818D-2B52AE00F328}.Debug|Any CPU.Build.0 = Debug|Any CPU
		{B812FE72-F27A-41A8-818D-2B52AE00F328}.Release|Any CPU.ActiveCfg = Release|Any CPU
		{B812FE72-F27A-41A8-818D-2B52AE00F328}.Release|Any CPU.Build.0 = Release|Any CPU
	EndGlobalSection
EndGlobal
